
Microsoft Visual Studio Solution File, Format Version 12.00
# Visual Studio Version 16
VisualStudioVersion = 16.0.33801.447
MinimumVisualStudioVersion = 10.0.40219.1
Project("{FAE04EC0-301F-11D3-BF4B-00C04F79EFBC}") = "TesteExec", "TesteExec\TesteExec.csproj", "{D74ACA81-0AFF-44C7-9B43-71352EC32D6C}"
EndProject
Global
	GlobalSection(SolutionConfigurationPlatforms) = preSolution
		Debug|Any CPU = Debug|Any CPU
		Release|Any CPU = Release|Any CPU
	EndGlobalSection
	GlobalSection(ProjectConfigurationPlatforms) = postSolution
		{D74ACA81-0AFF-44C7-9B43-71352EC32D6C}.Debug|Any CPU.ActiveCfg = Debug|Any CPU
		{D74ACA81-0AFF-44C7-9B43-71352EC32D6C}.Debug|Any CPU.Build.0 = Debug|Any CPU
		{D74ACA81-0AFF-44C7-9B43-71352EC32D6C}.Release|Any CPU.ActiveCfg = Release|Any CPU
		{D74ACA81-0AFF-44C7-9B43-71352EC32D6C}.Release|Any CPU.Build.0 = Release|Any CPU
	EndGlobalSection
	GlobalSection(SolutionProperties) = preSolution
		HideSolutionNode = FALSE
	EndGlobalSection
	GlobalSection(ExtensibilityGlobals) = postSolution
		SolutionGuid = {2964EA35-FEED-456B-BAB4-D1F085BE9053}
	EndGlobalSection
EndGlobal
